// !$*UTF8*$!
{
	archiveVersion = 1;
	classes = {
	};
	objectVersion = 50;
	objects = {

/* Begin PBXBuildFile section */
		E221C22123BE61C9009B8096 /* AppDelegate.swift in Sources */ = {isa = PBXBuildFile; fileRef = E221C22023BE61C9009B8096 /* AppDelegate.swift */; };
		E221C22323BE61C9009B8096 /* SceneDelegate.swift in Sources */ = {isa = PBXBuildFile; fileRef = E221C22223BE61C9009B8096 /* SceneDelegate.swift */; };
		E221C22523BE61C9009B8096 /* ContentView.swift in Sources */ = {isa = PBXBuildFile; fileRef = E221C22423BE61C9009B8096 /* ContentView.swift */; };
		E221C22723BE61CF009B8096 /* Assets.xcassets in Resources */ = {isa = PBXBuildFile; fileRef = E221C22623BE61CF009B8096 /* Assets.xcassets */; };
		E221C22A23BE61CF009B8096 /* Preview Assets.xcassets in Resources */ = {isa = PBXBuildFile; fileRef = E221C22923BE61CF009B8096 /* Preview Assets.xcassets */; };
		E221C22D23BE61CF009B8096 /* LaunchScreen.storyboard in Resources */ = {isa = PBXBuildFile; fileRef = E221C22B23BE61CF009B8096 /* LaunchScreen.storyboard */; };
		E221C23523BE626B009B8096 /* astronauts.json in Resources */ = {isa = PBXBuildFile; fileRef = E221C23423BE626B009B8096 /* astronauts.json */; };
		E221C23723BE6272009B8096 /* missions.json in Resources */ = {isa = PBXBuildFile; fileRef = E221C23623BE6272009B8096 /* missions.json */; };
		E221C23923BE62DA009B8096 /* Bundle-Decodable.swift in Sources */ = {isa = PBXBuildFile; fileRef = E221C23823BE62DA009B8096 /* Bundle-Decodable.swift */; };
		E221C23B23BE63F7009B8096 /* Astronaut.swift in Sources */ = {isa = PBXBuildFile; fileRef = E221C23A23BE63F7009B8096 /* Astronaut.swift */; };
		E221C23D23BE64E1009B8096 /* Mission.swift in Sources */ = {isa = PBXBuildFile; fileRef = E221C23C23BE64E1009B8096 /* Mission.swift */; };
		E221C23F23BE81EC009B8096 /* MissionView.swift in Sources */ = {isa = PBXBuildFile; fileRef = E221C23E23BE81EC009B8096 /* MissionView.swift */; };
		E221C24123BE869B009B8096 /* AstronautView.swift in Sources */ = {isa = PBXBuildFile; fileRef = E221C24023BE869B009B8096 /* AstronautView.swift */; };
/* End PBXBuildFile section */

/* Begin PBXFileReference section */
		E221C21D23BE61C9009B8096 /* Moonshot.app */ = {isa = PBXFileReference; explicitFileType = wrapper.application; includeInIndex = 0; path = Moonshot.app; sourceTree = BUILT_PRODUCTS_DIR; };
		E221C22023BE61C9009B8096 /* AppDelegate.swift */ = {isa = PBXFileReference; lastKnownFileType = sourcecode.swift; path = AppDelegate.swift; sourceTree = "<group>"; };
		E221C22223BE61C9009B8096 /* SceneDelegate.swift */ = {isa = PBXFileReference; lastKnownFileType = sourcecode.swift; path = SceneDelegate.swift; sourceTree = "<group>"; };
		E221C22423BE61C9009B8096 /* ContentView.swift */ = {isa = PBXFileReference; lastKnownFileType = sourcecode.swift; path = ContentView.swift; sourceTree = "<group>"; };
		E221C22623BE61CF009B8096 /* Assets.xcassets */ = {isa = PBXFileReference; lastKnownFileType = folder.assetcatalog; path = Assets.xcassets; sourceTree = "<group>"; };
		E221C22923BE61CF009B8096 /* Preview Assets.xcassets */ = {isa = PBXFileReference; lastKnownFileType = folder.assetcatalog; path = "Preview Assets.xcassets"; sourceTree = "<group>"; };
		E221C22C23BE61CF009B8096 /* Base */ = {isa = PBXFileReference; lastKnownFileType = file.storyboard; name = Base; path = Base.lproj/LaunchScreen.storyboard; sourceTree = "<group>"; };
		E221C22E23BE61CF009B8096 /* Info.plist */ = {isa = PBXFileReference; lastKnownFileType = text.plist.xml; path = Info.plist; sourceTree = "<group>"; };
		E221C23423BE626B009B8096 /* astronauts.json */ = {isa = PBXFileReference; fileEncoding = 4; lastKnownFileType = text.json; path = astronauts.json; sourceTree = "<group>"; };
		E221C23623BE6272009B8096 /* missions.json */ = {isa = PBXFileReference; fileEncoding = 4; lastKnownFileType = text.json; path = missions.json; sourceTree = "<group>"; };
		E221C23823BE62DA009B8096 /* Bundle-Decodable.swift */ = {isa = PBXFileReference; lastKnownFileType = sourcecode.swift; path = "Bundle-Decodable.swift"; sourceTree = "<group>"; };
		E221C23A23BE63F7009B8096 /* Astronaut.swift */ = {isa = PBXFileReference; lastKnownFileType = sourcecode.swift; path = Astronaut.swift; sourceTree = "<group>"; };
		E221C23C23BE64E1009B8096 /* Mission.swift */ = {isa = PBXFileReference; lastKnownFileType = sourcecode.swift; path = Mission.swift; sourceTree = "<group>"; };
		E221C23E23BE81EC009B8096 /* MissionView.swift */ = {isa = PBXFileReference; lastKnownFileType = sourcecode.swift; path = MissionView.swift; sourceTree = "<group>"; };
		E221C24023BE869B009B8096 /* AstronautView.swift */ = {isa = PBXFileReference; lastKnownFileType = sourcecode.swift; path = AstronautView.swift; sourceTree = "<group>"; };
/* End PBXFileReference section */

/* Begin PBXFrameworksBuildPhase section */
		E221C21A23BE61C9009B8096 /* Frameworks */ = {
			isa = PBXFrameworksBuildPhase;
			buildActionMask = 2147483647;
			files = (
			);
			runOnlyForDeploymentPostprocessing = 0;
		};
/* End PBXFrameworksBuildPhase section */

/* Begin PBXGroup section */
		E221C21423BE61C9009B8096 = {
			isa = PBXGroup;
			children = (
				E221C21F23BE61C9009B8096 /* Moonshot */,
				E221C21E23BE61C9009B8096 /* Products */,
			);
			sourceTree = "<group>";
		};
		E221C21E23BE61C9009B8096 /* Products */ = {
			isa = PBXGroup;
			children = (
				E221C21D23BE61C9009B8096 /* Moonshot.app */,
			);
			name = Products;
			sourceTree = "<group>";
		};
		E221C21F23BE61C9009B8096 /* Moonshot */ = {
			isa = PBXGroup;
			children = (
				E221C22023BE61C9009B8096 /* AppDelegate.swift */,
				E221C22223BE61C9009B8096 /* SceneDelegate.swift */,
				E221C22423BE61C9009B8096 /* ContentView.swift */,
				E221C22623BE61CF009B8096 /* Assets.xcassets */,
				E221C22B23BE61CF009B8096 /* LaunchScreen.storyboard */,
				E221C23423BE626B009B8096 /* astronauts.json */,
				E221C23623BE6272009B8096 /* missions.json */,
				E221C22E23BE61CF009B8096 /* Info.plist */,
				E221C22823BE61CF009B8096 /* Preview Content */,
				E221C23823BE62DA009B8096 /* Bundle-Decodable.swift */,
				E221C23A23BE63F7009B8096 /* Astronaut.swift */,
				E221C23C23BE64E1009B8096 /* Mission.swift */,
				E221C23E23BE81EC009B8096 /* MissionView.swift */,
				E221C24023BE869B009B8096 /* AstronautView.swift */,
			);
			path = Moonshot;
			sourceTree = "<group>";
		};
		E221C22823BE61CF009B8096 /* Preview Content */ = {
			isa = PBXGroup;
			children = (
				E221C22923BE61CF009B8096 /* Preview Assets.xcassets */,
			);
			path = "Preview Content";
			sourceTree = "<group>";
		};
/* End PBXGroup section */

/* Begin PBXNativeTarget section */
		E221C21C23BE61C9009B8096 /* Moonshot */ = {
			isa = PBXNativeTarget;
			buildConfigurationList = E221C23123BE61CF009B8096 /* Build configuration list for PBXNativeTarget "Moonshot" */;
			buildPhases = (
				E221C21923BE61C9009B8096 /* Sources */,
				E221C21A23BE61C9009B8096 /* Frameworks */,
				E221C21B23BE61C9009B8096 /* Resources */,
			);
			buildRules = (
			);
			dependencies = (
			);
			name = Moonshot;
			productName = Moonshot;
			productReference = E221C21D23BE61C9009B8096 /* Moonshot.app */;
			productType = "com.apple.product-type.application";
		};
/* End PBXNativeTarget section */

/* Begin PBXProject section */
		E221C21523BE61C9009B8096 /* Project object */ = {
			isa = PBXProject;
			attributes = {
				LastSwiftUpdateCheck = 1130;
				LastUpgradeCheck = 1130;
				ORGANIZATIONNAME = "Jules Lee";
				TargetAttributes = {
					E221C21C23BE61C9009B8096 = {
						CreatedOnToolsVersion = 11.3;
					};
				};
			};
			buildConfigurationList = E221C21823BE61C9009B8096 /* Build configuration list for PBXProject "Moonshot" */;
			compatibilityVersion = "Xcode 9.3";
			developmentRegion = en;
			hasScannedForEncodings = 0;
			knownRegions = (
				en,
				Base,
			);
			mainGroup = E221C21423BE61C9009B8096;
			productRefGroup = E221C21E23BE61C9009B8096 /* Products */;
			projectDirPath = "";
			projectRoot = "";
			targets = (
				E221C21C23BE61C9009B8096 /* Moonshot */,
			);
		};
/* End PBXProject section */

/* Begin PBXResourcesBuildPhase section */
		E221C21B23BE61C9009B8096 /* Resources */ = {
			isa = PBXResourcesBuildPhase;
			buildActionMask = 2147483647;
			files = (
				E221C22D23BE61CF009B8096 /* LaunchScreen.storyboard in Resources */,
				E221C23723BE6272009B8096 /* missions.json in Resources */,
				E221C22A23BE61CF009B8096 /* Preview Assets.xcassets in Resources */,
				E221C22723BE61CF009B8096 /* Assets.xcassets in Resources */,
				E221C23523BE626B009B8096 /* astronauts.json in Resources */,
			);
			runOnlyForDeploymentPostprocessing = 0;
		};
/* End PBXResourcesBuildPhase section */

/* Begin PBXSourcesBuildPhase section */
		E221C21923BE61C9009B8096 /* Sources */ = {
			isa = PBXSourcesBuildPhase;
			buildActionMask = 2147483647;
			files = (
				E221C23F23BE81EC009B8096 /* MissionView.swift in Sources */,
				E221C23D23BE64E1009B8096 /* Mission.swift in Sources */,
				E221C24123BE869B009B8096 /* AstronautView.swift in Sources */,
				E221C22123BE61C9009B8096 /* AppDelegate.swift in Sources */,
				E221C22323BE61C9009B8096 /* SceneDelegate.swift in Sources */,
				E221C23B23BE63F7009B8096 /* Astronaut.swift in Sources */,
				E221C22523BE61C9009B8096 /* ContentView.swift in Sources */,
				E221C23923BE62DA009B8096 /* Bundle-Decodable.swift in Sources */,
			);
			runOnlyForDeploymentPostprocessing = 0;
		};
/* End PBXSourcesBuildPhase section */

/* Begin PBXVariantGroup section */
		E221C22B23BE61CF009B8096 /* LaunchScreen.storyboard */ = {
			isa = PBXVariantGroup;
			children = (
				E221C22C23BE61CF009B8096 /* Base */,
			);
			name = LaunchScreen.storyboard;
			sourceTree = "<group>";
		};
/* End PBXVariantGroup section */

/* Begin XCBuildConfiguration section */
		E221C22F23BE61CF009B8096 /* Debug */ = {
			isa = XCBuildConfiguration;
			buildSettings = {
				ALWAYS_SEARCH_USER_PATHS = NO;
				CLANG_ANALYZER_NONNULL = YES;
				CLANG_ANALYZER_NUMBER_OBJECT_CONVERSION = YES_AGGRESSIVE;
				CLANG_CXX_LANGUAGE_STANDARD = "gnu++14";
				CLANG_CXX_LIBRARY = "libc++";
				CLANG_ENABLE_MODULES = YES;
				CLANG_ENABLE_OBJC_ARC = YES;
				CLANG_ENABLE_OBJC_WEAK = YES;
				CLANG_WARN_BLOCK_CAPTURE_AUTORELEASING = YES;
				CLANG_WARN_BOOL_CONVERSION = YES;
				CLANG_WARN_COMMA = YES;
				CLANG_WARN_CONSTANT_CONVERSION = YES;
				CLANG_WARN_DEPRECATED_OBJC_IMPLEMENTATIONS = YES;
				CLANG_WARN_DIRECT_OBJC_ISA_USAGE = YES_ERROR;
				CLANG_WARN_DOCUMENTATION_COMMENTS = YES;
				CLANG_WARN_EMPTY_BODY = YES;
				CLANG_WARN_ENUM_CONVERSION = YES;
				CLANG_WARN_INFINITE_RECURSION = YES;
				CLANG_WARN_INT_CONVERSION = YES;
				CLANG_WARN_NON_LITERAL_NULL_CONVERSION = YES;
				CLANG_WARN_OBJC_IMPLICIT_RETAIN_SELF = YES;
				CLANG_WARN_OBJC_LITERAL_CONVERSION = YES;
				CLANG_WARN_OBJC_ROOT_CLASS = YES_ERROR;
				CLANG_WARN_RANGE_LOOP_ANALYSIS = YES;
				CLANG_WARN_STRICT_PROTOTYPES = YES;
				CLANG_WARN_SUSPICIOUS_MOVE = YES;
				CLANG_WARN_UNGUARDED_AVAILABILITY = YES_AGGRESSIVE;
				CLANG_WARN_UNREACHABLE_CODE = YES;
				CLANG_WARN__DUPLICATE_METHOD_MATCH = YES;
				COPY_PHASE_STRIP = NO;
				DEBUG_INFORMATION_FORMAT = dwarf;
				ENABLE_STRICT_OBJC_MSGSEND = YES;
				ENABLE_TESTABILITY = YES;
				GCC_C_LANGUAGE_STANDARD = gnu11;
				GCC_DYNAMIC_NO_PIC = NO;
				GCC_NO_COMMON_BLOCKS = YES;
				GCC_OPTIMIZATION_LEVEL = 0;
				GCC_PREPROCESSOR_DEFINITIONS = (
					"DEBUG=1",
					"$(inherited)",
				);
				GCC_WARN_64_TO_32_BIT_CONVERSION = YES;
				GCC_WARN_ABOUT_RETURN_TYPE = YES_ERROR;
				GCC_WARN_UNDECLARED_SELECTOR = YES;
				GCC_WARN_UNINITIALIZED_AUTOS = YES_AGGRESSIVE;
				GCC_WARN_UNUSED_FUNCTION = YES;
				GCC_WARN_UNUSED_VARIABLE = YES;
				IPHONEOS_DEPLOYMENT_TARGET = 13.2;
				MTL_ENABLE_DEBUG_INFO = INCLUDE_SOURCE;
				MTL_FAST_MATH = YES;
				ONLY_ACTIVE_ARCH = YES;
				SDKROOT = iphoneos;
				SWIFT_ACTIVE_COMPILATION_CONDITIONS = DEBUG;
				SWIFT_OPTIMIZATION_LEVEL = "-Onone";
			};
			name = Debug;
		};
		E221C23023BE61CF009B8096 /* Release */ = {
			isa = XCBuildConfiguration;
			buildSettings = {
				ALWAYS_SEARCH_USER_PATHS = NO;
				CLANG_ANALYZER_NONNULL = YES;
				CLANG_ANALYZER_NUMBER_OBJECT_CONVERSION = YES_AGGRESSIVE;
				CLANG_CXX_LANGUAGE_STANDARD = "gnu++14";
				CLANG_CXX_LIBRARY = "libc++";
				CLANG_ENABLE_MODULES = YES;
				CLANG_ENABLE_OBJC_ARC = YES;
				CLANG_ENABLE_OBJC_WEAK = YES;
				CLANG_WARN_BLOCK_CAPTURE_AUTORELEASING = YES;
				CLANG_WARN_BOOL_CONVERSION = YES;
				CLANG_WARN_COMMA = YES;
				CLANG_WARN_CONSTANT_CONVERSION = YES;
				CLANG_WARN_DEPRECATED_OBJC_IMPLEMENTATIONS = YES;
				CLANG_WARN_DIRECT_OBJC_ISA_USAGE = YES_ERROR;
				CLANG_WARN_DOCUMENTATION_COMMENTS = YES;
				CLANG_WARN_EMPTY_BODY = YES;
				CLANG_WARN_ENUM_CONVERSION = YES;
				CLANG_WARN_INFINITE_RECURSION = YES;
				CLANG_WARN_INT_CONVERSION = YES;
				CLANG_WARN_NON_LITERAL_NULL_CONVERSION = YES;
				CLANG_WARN_OBJC_IMPLICIT_RETAIN_SELF = YES;
				CLANG_WARN_OBJC_LITERAL_CONVERSION = YES;
				CLANG_WARN_OBJC_ROOT_CLASS = YES_ERROR;
				CLANG_WARN_RANGE_LOOP_ANALYSIS = YES;
				CLANG_WARN_STRICT_PROTOTYPES = YES;
				CLANG_WARN_SUSPICIOUS_MOVE = YES;
				CLANG_WARN_UNGUARDED_AVAILABILITY = YES_AGGRESSIVE;
				CLANG_WARN_UNREACHABLE_CODE = YES;
				CLANG_WARN__DUPLICATE_METHOD_MATCH = YES;
				COPY_PHASE_STRIP = NO;
				DEBUG_INFORMATION_FORMAT = "dwarf-with-dsym";
				ENABLE_NS_ASSERTIONS = NO;
				ENABLE_STRICT_OBJC_MSGSEND = YES;
				GCC_C_LANGUAGE_STANDARD = gnu11;
				GCC_NO_COMMON_BLOCKS = YES;
				GCC_WARN_64_TO_32_BIT_CONVERSION = YES;
				GCC_WARN_ABOUT_RETURN_TYPE = YES_ERROR;
				GCC_WARN_UNDECLARED_SELECTOR = YES;
				GCC_WARN_UNINITIALIZED_AUTOS = YES_AGGRESSIVE;
				GCC_WARN_UNUSED_FUNCTION = YES;
				GCC_WARN_UNUSED_VARIABLE = YES;
				IPHONEOS_DEPLOYMENT_TARGET = 13.2;
				MTL_ENABLE_DEBUG_INFO = NO;
				MTL_FAST_MATH = YES;
				SDKROOT = iphoneos;
				SWIFT_COMPILATION_MODE = wholemodule;
				SWIFT_OPTIMIZATION_LEVEL = "-O";
				VALIDATE_PRODUCT = YES;
			};
			name = Release;
		};
		E221C23223BE61CF009B8096 /* Debug */ = {
			isa = XCBuildConfiguration;
			buildSettings = {
				ASSETCATALOG_COMPILER_APPICON_NAME = AppIcon;
				CODE_SIGN_STYLE = Automatic;
				DEVELOPMENT_ASSET_PATHS = "\"Moonshot/Preview Content\"";
				DEVELOPMENT_TEAM = ZPFY37265E;
				ENABLE_PREVIEWS = YES;
				INFOPLIST_FILE = Moonshot/Info.plist;
				LD_RUNPATH_SEARCH_PATHS = (
					"$(inherited)",
					"@executable_path/Frameworks",
				);
				PRODUCT_BUNDLE_IDENTIFIER = com.iosjunkie.Moonshot;
				PRODUCT_NAME = "$(TARGET_NAME)";
				SWIFT_VERSION = 5.0;
				TARGETED_DEVICE_FAMILY = "1,2";
			};
			name = Debug;
		};
		E221C23323BE61CF009B8096 /* Release */ = {
			isa = XCBuildConfiguration;
			buildSettings = {
				ASSETCATALOG_COMPILER_APPICON_NAME = AppIcon;
				CODE_SIGN_STYLE = Automatic;
				DEVELOPMENT_ASSET_PATHS = "\"Moonshot/Preview Content\"";
				DEVELOPMENT_TEAM = ZPFY37265E;
				ENABLE_PREVIEWS = YES;
				INFOPLIST_FILE = Moonshot/Info.plist;
				LD_RUNPATH_SEARCH_PATHS = (
					"$(inherited)",
					"@executable_path/Frameworks",
				);
				PRODUCT_BUNDLE_IDENTIFIER = com.iosjunkie.Moonshot;
				PRODUCT_NAME = "$(TARGET_NAME)";
				SWIFT_VERSION = 5.0;
				TARGETED_DEVICE_FAMILY = "1,2";
			};
			name = Release;
		};
/* End XCBuildConfiguration section */

/* Begin XCConfigurationList section */
		E221C21823BE61C9009B8096 /* Build configuration list for PBXProject "Moonshot" */ = {
			isa = XCConfigurationList;
			buildConfigurations = (
				E221C22F23BE61CF009B8096 /* Debug */,
				E221C23023BE61CF009B8096 /* Release */,
			);
			defaultConfigurationIsVisible = 0;
			defaultConfigurationName = Release;
		};
		E221C23123BE61CF009B8096 /* Build configuration list for PBXNativeTarget "Moonshot" */ = {
			isa = XCConfigurationList;
			buildConfigurations = (
				E221C23223BE61CF009B8096 /* Debug */,
				E221C23323BE61CF009B8096 /* Release */,
			);
			defaultConfigurationIsVisible = 0;
			defaultConfigurationName = Release;
		};
/* End XCConfigurationList section */
	};
	rootObject = E221C21523BE61C9009B8096 /* Project object */;
}
